
Microsoft Visual Studio Solution File, Format Version 12.00
# Visual Studio Version 17
VisualStudioVersion = 17.14.36408.4
MinimumVisualStudioVersion = 10.0.40219.1
Project("{2150E333-8FDC-42A3-9474-1A3956D46DE8}") = "Core", "Core", "{02EA681E-C7D8-13C7-8484-4AC65E1B71E8}"
EndProject
Project("{2150E333-8FDC-42A3-9474-1A3956D46DE8}") = "Tests", "Tests", "{0A36DF60-8681-4FC3-9936-57707A413A93}"
EndProject
Project("{2150E333-8FDC-42A3-9474-1A3956D46DE8}") = "Samples", "Samples", "{11FF44D9-038B-4920-8BEB-172D82C0D48A}"
EndProject
Project("{2150E333-8FDC-42A3-9474-1A3956D46DE8}") = "Extensions", "Extensions", "{AF6EA652-341B-466B-8241-3569DB7623C7}"
EndProject
Project("{2150E333-8FDC-42A3-9474-1A3956D46DE8}") = "Providers", "Providers", "{FD8398B2-50F2-4826-A4A5-F63C15F0BFF1}"
EndProject
Project("{FAE04EC0-301F-11D3-BF4B-00C04F79EFBC}") = "Interfaces", "Core\Interfaces\Interfaces.csproj", "{D456F063-F8A7-4C1C-9C52-F99565D7FFC9}"
EndProject
Project("{FAE04EC0-301F-11D3-BF4B-00C04F79EFBC}") = "Exceptions", "Core\Exceptions\Exceptions.csproj", "{7038ECF3-6947-48F6-9ECF-2B54F2D8A380}"
EndProject
Project("{FAE04EC0-301F-11D3-BF4B-00C04F79EFBC}") = "Models", "Core\Models\Models.csproj", "{9207A994-9FFB-4121-B611-BB3EF4558832}"
EndProject
Project("{FAE04EC0-301F-11D3-BF4B-00C04F79EFBC}") = "Providers", "Providers\Providers\Providers.csproj", "{5B79B00F-8F72-4C6D-BBD2-B27FF038D6D3}"
EndProject
Project("{FAE04EC0-301F-11D3-BF4B-00C04F79EFBC}") = "Extensions", "Extensions\Extensions\Extensions.csproj", "{8232889C-9108-45E7-B239-07085D22FFC7}"
EndProject
Project("{FAE04EC0-301F-11D3-BF4B-00C04F79EFBC}") = "Api", "Core\Api\Api.csproj", "{E5BA4088-19CC-417A-84E1-FBE949A7CA8C}"
EndProject
Project("{FAE04EC0-301F-11D3-BF4B-00C04F79EFBC}") = "UnitTests", "Tests\UnitTests\UnitTests.csproj", "{DF1D71E4-7DB8-4A46-9E35-09ED70808A09}"
EndProject
Global
	GlobalSection(SolutionConfigurationPlatforms) = preSolution
		Debug|Any CPU = Debug|Any CPU
		Release|Any CPU = Release|Any CPU
	EndGlobalSection
	GlobalSection(ProjectConfigurationPlatforms) = postSolution
		{D456F063-F8A7-4C1C-9C52-F99565D7FFC9}.Debug|Any CPU.ActiveCfg = Debug|Any CPU
		{D456F063-F8A7-4C1C-9C52-F99565D7FFC9}.Debug|Any CPU.Build.0 = Debug|Any CPU
		{D456F063-F8A7-4C1C-9C52-F99565D7FFC9}.Release|Any CPU.ActiveCfg = Release|Any CPU
		{D456F063-F8A7-4C1C-9C52-F99565D7FFC9}.Release|Any CPU.Build.0 = Release|Any CPU
		{7038ECF3-6947-48F6-9ECF-2B54F2D8A380}.Debug|Any CPU.ActiveCfg = Debug|Any CPU
		{7038ECF3-6947-48F6-9ECF-2B54F2D8A380}.Debug|Any CPU.Build.0 = Debug|Any CPU
		{7038ECF3-6947-48F6-9ECF-2B54F2D8A380}.Release|Any CPU.ActiveCfg = Release|Any CPU
		{7038ECF3-6947-48F6-9ECF-2B54F2D8A380}.Release|Any CPU.Build.0 = Release|Any CPU
		{9207A994-9FFB-4121-B611-BB3EF4558832}.Debug|Any CPU.ActiveCfg = Debug|Any CPU
		{9207A994-9FFB-4121-B611-BB3EF4558832}.Debug|Any CPU.Build.0 = Debug|Any CPU
		{9207A994-9FFB-4121-B611-BB3EF4558832}.Release|Any CPU.ActiveCfg = Release|Any CPU
		{9207A994-9FFB-4121-B611-BB3EF4558832}.Release|Any CPU.Build.0 = Release|Any CPU
		{5B79B00F-8F72-4C6D-BBD2-B27FF038D6D3}.Debug|Any CPU.ActiveCfg = Debug|Any CPU
		{5B79B00F-8F72-4C6D-BBD2-B27FF038D6D3}.Debug|Any CPU.Build.0 = Debug|Any CPU
		{5B79B00F-8F72-4C6D-BBD2-B27FF038D6D3}.Release|Any CPU.ActiveCfg = Release|Any CPU
		{5B79B00F-8F72-4C6D-BBD2-B27FF038D6D3}.Release|Any CPU.Build.0 = Release|Any CPU
		{8232889C-9108-45E7-B239-07085D22FFC7}.Debug|Any CPU.ActiveCfg = Debug|Any CPU
		{8232889C-9108-45E7-B239-07085D22FFC7}.Debug|Any CPU.Build.0 = Debug|Any CPU
		{8232889C-9108-45E7-B239-07085D22FFC7}.Release|Any CPU.ActiveCfg = Release|Any CPU
		{8232889C-9108-45E7-B239-07085D22FFC7}.Release|Any CPU.Build.0 = Release|Any CPU
		{E5BA4088-19CC-417A-84E1-FBE949A7CA8C}.Debug|Any CPU.ActiveCfg = Debug|Any CPU
		{E5BA4088-19CC-417A-84E1-FBE949A7CA8C}.Debug|Any CPU.Build.0 = Debug|Any CPU
		{E5BA4088-19CC-417A-84E1-FBE949A7CA8C}.Release|Any CPU.ActiveCfg = Release|Any CPU
		{E5BA4088-19CC-417A-84E1-FBE949A7CA8C}.Release|Any CPU.Build.0 = Release|Any CPU
		{DF1D71E4-7DB8-4A46-9E35-09ED70808A09}.Debug|Any CPU.ActiveCfg = Debug|Any CPU
		{DF1D71E4-7DB8-4A46-9E35-09ED70808A09}.Debug|Any CPU.Build.0 = Debug|Any CPU
		{DF1D71E4-7DB8-4A46-9E35-09ED70808A09}.Release|Any CPU.ActiveCfg = Release|Any CPU
		{DF1D71E4-7DB8-4A46-9E35-09ED70808A09}.Release|Any CPU.Build.0 = Release|Any CPU
	EndGlobalSection
	GlobalSection(SolutionProperties) = preSolution
		HideSolutionNode = FALSE
	EndGlobalSection
	GlobalSection(NestedProjects) = preSolution
		{D456F063-F8A7-4C1C-9C52-F99565D7FFC9} = {02EA681E-C7D8-13C7-8484-4AC65E1B71E8}
		{7038ECF3-6947-48F6-9ECF-2B54F2D8A380} = {02EA681E-C7D8-13C7-8484-4AC65E1B71E8}
		{9207A994-9FFB-4121-B611-BB3EF4558832} = {02EA681E-C7D8-13C7-8484-4AC65E1B71E8}
		{5B79B00F-8F72-4C6D-BBD2-B27FF038D6D3} = {FD8398B2-50F2-4826-A4A5-F63C15F0BFF1}
		{8232889C-9108-45E7-B239-07085D22FFC7} = {AF6EA652-341B-466B-8241-3569DB7623C7}
		{E5BA4088-19CC-417A-84E1-FBE949A7CA8C} = {02EA681E-C7D8-13C7-8484-4AC65E1B71E8}
		{DF1D71E4-7DB8-4A46-9E35-09ED70808A09} = {0A36DF60-8681-4FC3-9936-57707A413A93}
	EndGlobalSection
	GlobalSection(ExtensibilityGlobals) = postSolution
		SolutionGuid = {95D4A54C-F2C6-47D3-919F-0577A3AA1729}
	EndGlobalSection
EndGlobal
